// !$*UTF8*$!
{
	archiveVersion = 1;
	classes = {
	};
	objectVersion = 50;
	objects = {

/* Begin PBXBuildFile section */
		550CF32323975CDB00AAA8C4 /* AppDelegate.swift in Sources */ = {isa = PBXBuildFile; fileRef = 550CF32223975CDB00AAA8C4 /* AppDelegate.swift */; };
		550CF32523975CDB00AAA8C4 /* ViewController.swift in Sources */ = {isa = PBXBuildFile; fileRef = 550CF32423975CDB00AAA8C4 /* ViewController.swift */; };
		550CF32823975CDB00AAA8C4 /* Main.storyboard in Resources */ = {isa = PBXBuildFile; fileRef = 550CF32623975CDB00AAA8C4 /* Main.storyboard */; };
		550CF32A23975CDF00AAA8C4 /* Assets.xcassets in Resources */ = {isa = PBXBuildFile; fileRef = 550CF32923975CDF00AAA8C4 /* Assets.xcassets */; };
		550CF32D23975CDF00AAA8C4 /* LaunchScreen.storyboard in Resources */ = {isa = PBXBuildFile; fileRef = 550CF32B23975CDF00AAA8C4 /* LaunchScreen.storyboard */; };
		5EA24FDD9EC5D96A6D81060A /* Pods_ExampleRxSwift_MVVM.framework in Frameworks */ = {isa = PBXBuildFile; fileRef = F6386B218BD0FC214AA8E63F /* Pods_ExampleRxSwift_MVVM.framework */; };
/* End PBXBuildFile section */

/* Begin PBXFileReference section */
		550CF31F23975CDB00AAA8C4 /* ExampleRxSwift-MVVM.app */ = {isa = PBXFileReference; explicitFileType = wrapper.application; includeInIndex = 0; path = "ExampleRxSwift-MVVM.app"; sourceTree = BUILT_PRODUCTS_DIR; };
		550CF32223975CDB00AAA8C4 /* AppDelegate.swift */ = {isa = PBXFileReference; lastKnownFileType = sourcecode.swift; path = AppDelegate.swift; sourceTree = "<group>"; };
		550CF32423975CDB00AAA8C4 /* ViewController.swift */ = {isa = PBXFileReference; lastKnownFileType = sourcecode.swift; path = ViewController.swift; sourceTree = "<group>"; };
		550CF32723975CDB00AAA8C4 /* Base */ = {isa = PBXFileReference; lastKnownFileType = file.storyboard; name = Base; path = Base.lproj/Main.storyboard; sourceTree = "<group>"; };
		550CF32923975CDF00AAA8C4 /* Assets.xcassets */ = {isa = PBXFileReference; lastKnownFileType = folder.assetcatalog; path = Assets.xcassets; sourceTree = "<group>"; };
		550CF32C23975CDF00AAA8C4 /* Base */ = {isa = PBXFileReference; lastKnownFileType = file.storyboard; name = Base; path = Base.lproj/LaunchScreen.storyboard; sourceTree = "<group>"; };
		550CF32E23975CDF00AAA8C4 /* Info.plist */ = {isa = PBXFileReference; lastKnownFileType = text.plist.xml; path = Info.plist; sourceTree = "<group>"; };
		9A019BA777C9F33B55014BF0 /* Pods-ExampleRxSwift-MVVM.release.xcconfig */ = {isa = PBXFileReference; includeInIndex = 1; lastKnownFileType = text.xcconfig; name = "Pods-ExampleRxSwift-MVVM.release.xcconfig"; path = "Target Support Files/Pods-ExampleRxSwift-MVVM/Pods-ExampleRxSwift-MVVM.release.xcconfig"; sourceTree = "<group>"; };
		C56ACE1745BE173E8BB6696B /* Pods-ExampleRxSwift-MVVM.debug.xcconfig */ = {isa = PBXFileReference; includeInIndex = 1; lastKnownFileType = text.xcconfig; name = "Pods-ExampleRxSwift-MVVM.debug.xcconfig"; path = "Target Support Files/Pods-ExampleRxSwift-MVVM/Pods-ExampleRxSwift-MVVM.debug.xcconfig"; sourceTree = "<group>"; };
		F6386B218BD0FC214AA8E63F /* Pods_ExampleRxSwift_MVVM.framework */ = {isa = PBXFileReference; explicitFileType = wrapper.framework; includeInIndex = 0; path = Pods_ExampleRxSwift_MVVM.framework; sourceTree = BUILT_PRODUCTS_DIR; };
/* End PBXFileReference section */

/* Begin PBXFrameworksBuildPhase section */
		550CF31C23975CDB00AAA8C4 /* Frameworks */ = {
			isa = PBXFrameworksBuildPhase;
			buildActionMask = 2147483647;
			files = (
				5EA24FDD9EC5D96A6D81060A /* Pods_ExampleRxSwift_MVVM.framework in Frameworks */,
			);
			runOnlyForDeploymentPostprocessing = 0;
		};
/* End PBXFrameworksBuildPhase section */

/* Begin PBXGroup section */
		32FFF07D14AD67A634A1E6E9 /* Pods */ = {
			isa = PBXGroup;
			children = (
				C56ACE1745BE173E8BB6696B /* Pods-ExampleRxSwift-MVVM.debug.xcconfig */,
				9A019BA777C9F33B55014BF0 /* Pods-ExampleRxSwift-MVVM.release.xcconfig */,
			);
			name = Pods;
			path = Pods;
			sourceTree = "<group>";
		};
		550CF31623975CDB00AAA8C4 = {
			isa = PBXGroup;
			children = (
				550CF32123975CDB00AAA8C4 /* ExampleRxSwift-MVVM */,
				550CF32023975CDB00AAA8C4 /* Products */,
				32FFF07D14AD67A634A1E6E9 /* Pods */,
				81F13F69DA2C95B30EE2BAB4 /* Frameworks */,
			);
			sourceTree = "<group>";
		};
		550CF32023975CDB00AAA8C4 /* Products */ = {
			isa = PBXGroup;
			children = (
				550CF31F23975CDB00AAA8C4 /* ExampleRxSwift-MVVM.app */,
			);
			name = Products;
			sourceTree = "<group>";
		};
		550CF32123975CDB00AAA8C4 /* ExampleRxSwift-MVVM */ = {
			isa = PBXGroup;
			children = (
				550CF32223975CDB00AAA8C4 /* AppDelegate.swift */,
				550CF32423975CDB00AAA8C4 /* ViewController.swift */,
				550CF32623975CDB00AAA8C4 /* Main.storyboard */,
				550CF32923975CDF00AAA8C4 /* Assets.xcassets */,
				550CF32B23975CDF00AAA8C4 /* LaunchScreen.storyboard */,
				550CF32E23975CDF00AAA8C4 /* Info.plist */,
			);
			path = "ExampleRxSwift-MVVM";
			sourceTree = "<group>";
		};
		81F13F69DA2C95B30EE2BAB4 /* Frameworks */ = {
			isa = PBXGroup;
			children = (
				F6386B218BD0FC214AA8E63F /* Pods_ExampleRxSwift_MVVM.framework */,
			);
			name = Frameworks;
			sourceTree = "<group>";
		};
/* End PBXGroup section */

/* Begin PBXNativeTarget section */
		550CF31E23975CDB00AAA8C4 /* ExampleRxSwift-MVVM */ = {
			isa = PBXNativeTarget;
			buildConfigurationList = 550CF33123975CDF00AAA8C4 /* Build configuration list for PBXNativeTarget "ExampleRxSwift-MVVM" */;
			buildPhases = (
				F4FB300067AE3925D15788AC /* [CP] Check Pods Manifest.lock */,
				550CF31B23975CDB00AAA8C4 /* Sources */,
				550CF31C23975CDB00AAA8C4 /* Frameworks */,
				550CF31D23975CDB00AAA8C4 /* Resources */,
				4FA3AC52E3983396CB078DBF /* [CP] Embed Pods Frameworks */,
			);
			buildRules = (
			);
			dependencies = (
			);
			name = "ExampleRxSwift-MVVM";
			productName = "ExampleRxSwift-MVVM";
			productReference = 550CF31F23975CDB00AAA8C4 /* ExampleRxSwift-MVVM.app */;
			productType = "com.apple.product-type.application";
		};
/* End PBXNativeTarget section */

/* Begin PBXProject section */
		550CF31723975CDB00AAA8C4 /* Project object */ = {
			isa = PBXProject;
			attributes = {
				LastSwiftUpdateCheck = 1030;
				LastUpgradeCheck = 1030;
				ORGANIZATIONNAME = DongNV;
				TargetAttributes = {
					550CF31E23975CDB00AAA8C4 = {
						CreatedOnToolsVersion = 10.3;
					};
				};
			};
			buildConfigurationList = 550CF31A23975CDB00AAA8C4 /* Build configuration list for PBXProject "ExampleRxSwift-MVVM" */;
			compatibilityVersion = "Xcode 9.3";
			developmentRegion = en;
			hasScannedForEncodings = 0;
			knownRegions = (
				en,
				Base,
			);
			mainGroup = 550CF31623975CDB00AAA8C4;
			productRefGroup = 550CF32023975CDB00AAA8C4 /* Products */;
			projectDirPath = "";
			projectRoot = "";
			targets = (
				550CF31E23975CDB00AAA8C4 /* ExampleRxSwift-MVVM */,
			);
		};
/* End PBXProject section */

/* Begin PBXResourcesBuildPhase section */
		550CF31D23975CDB00AAA8C4 /* Resources */ = {
			isa = PBXResourcesBuildPhase;
			buildActionMask = 2147483647;
			files = (
				550CF32D23975CDF00AAA8C4 /* LaunchScreen.storyboard in Resources */,
				550CF32A23975CDF00AAA8C4 /* Assets.xcassets in Resources */,
				550CF32823975CDB00AAA8C4 /* Main.storyboard in Resources */,
			);
			runOnlyForDeploymentPostprocessing = 0;
		};
/* End PBXResourcesBuildPhase section */

/* Begin PBXShellScriptBuildPhase section */
		4FA3AC52E3983396CB078DBF /* [CP] Embed Pods Frameworks */ = {
			isa = PBXShellScriptBuildPhase;
			buildActionMask = 2147483647;
			files = (
			);
			inputFileListPaths = (
			);
			inputPaths = (
				"${PODS_ROOT}/Target Support Files/Pods-ExampleRxSwift-MVVM/Pods-ExampleRxSwift-MVVM-frameworks.sh",
				"${BUILT_PRODUCTS_DIR}/RxCocoa/RxCocoa.framework",
				"${BUILT_PRODUCTS_DIR}/RxRelay/RxRelay.framework",
				"${BUILT_PRODUCTS_DIR}/RxSwift/RxSwift.framework",
			);
			name = "[CP] Embed Pods Frameworks";
			outputFileListPaths = (
			);
			outputPaths = (
				"${TARGET_BUILD_DIR}/${FRAMEWORKS_FOLDER_PATH}/RxCocoa.framework",
				"${TARGET_BUILD_DIR}/${FRAMEWORKS_FOLDER_PATH}/RxRelay.framework",
				"${TARGET_BUILD_DIR}/${FRAMEWORKS_FOLDER_PATH}/RxSwift.framework",
			);
			runOnlyForDeploymentPostprocessing = 0;
			shellPath = /bin/sh;
			shellScript = "\"${PODS_ROOT}/Target Support Files/Pods-ExampleRxSwift-MVVM/Pods-ExampleRxSwift-MVVM-frameworks.sh\"\n";
			showEnvVarsInLog = 0;
		};
		F4FB300067AE3925D15788AC /* [CP] Check Pods Manifest.lock */ = {
			isa = PBXShellScriptBuildPhase;
			buildActionMask = 2147483647;
			files = (
			);
			inputFileListPaths = (
			);
			inputPaths = (
				"${PODS_PODFILE_DIR_PATH}/Podfile.lock",
				"${PODS_ROOT}/Manifest.lock",
			);
			name = "[CP] Check Pods Manifest.lock";
			outputFileListPaths = (
			);
			outputPaths = (
				"$(DERIVED_FILE_DIR)/Pods-ExampleRxSwift-MVVM-checkManifestLockResult.txt",
			);
			runOnlyForDeploymentPostprocessing = 0;
			shellPath = /bin/sh;
			shellScript = "diff \"${PODS_PODFILE_DIR_PATH}/Podfile.lock\" \"${PODS_ROOT}/Manifest.lock\" > /dev/null\nif [ $? != 0 ] ; then\n    # print error to STDERR\n    echo \"error: The sandbox is not in sync with the Podfile.lock. Run 'pod install' or update your CocoaPods installation.\" >&2\n    exit 1\nfi\n# This output is used by Xcode 'outputs' to avoid re-running this script phase.\necho \"SUCCESS\" > \"${SCRIPT_OUTPUT_FILE_0}\"\n";
			showEnvVarsInLog = 0;
		};
/* End PBXShellScriptBuildPhase section */

/* Begin PBXSourcesBuildPhase section */
		550CF31B23975CDB00AAA8C4 /* Sources */ = {
			isa = PBXSourcesBuildPhase;
			buildActionMask = 2147483647;
			files = (
				550CF32523975CDB00AAA8C4 /* ViewController.swift in Sources */,
				550CF32323975CDB00AAA8C4 /* AppDelegate.swift in Sources */,
			);
			runOnlyForDeploymentPostprocessing = 0;
		};
/* End PBXSourcesBuildPhase section */

/* Begin PBXVariantGroup section */
		550CF32623975CDB00AAA8C4 /* Main.storyboard */ = {
			isa = PBXVariantGroup;
			children = (
				550CF32723975CDB00AAA8C4 /* Base */,
			);
			name = Main.storyboard;
			sourceTree = "<group>";
		};
		550CF32B23975CDF00AAA8C4 /* LaunchScreen.storyboard */ = {
			isa = PBXVariantGroup;
			children = (
				550CF32C23975CDF00AAA8C4 /* Base */,
			);
			name = LaunchScreen.storyboard;
			sourceTree = "<group>";
		};
/* End PBXVariantGroup section */

/* Begin XCBuildConfiguration section */
		550CF32F23975CDF00AAA8C4 /* Debug */ = {
			isa = XCBuildConfiguration;
			buildSettings = {
				ALWAYS_SEARCH_USER_PATHS = NO;
				CLANG_ANALYZER_NONNULL = YES;
				CLANG_ANALYZER_NUMBER_OBJECT_CONVERSION = YES_AGGRESSIVE;
				CLANG_CXX_LANGUAGE_STANDARD = "gnu++14";
				CLANG_CXX_LIBRARY = "libc++";
				CLANG_ENABLE_MODULES = YES;
				CLANG_ENABLE_OBJC_ARC = YES;
				CLANG_ENABLE_OBJC_WEAK = YES;
				CLANG_WARN_BLOCK_CAPTURE_AUTORELEASING = YES;
				CLANG_WARN_BOOL_CONVERSION = YES;
				CLANG_WARN_COMMA = YES;
				CLANG_WARN_CONSTANT_CONVERSION = YES;
				CLANG_WARN_DEPRECATED_OBJC_IMPLEMENTATIONS = YES;
				CLANG_WARN_DIRECT_OBJC_ISA_USAGE = YES_ERROR;
				CLANG_WARN_DOCUMENTATION_COMMENTS = YES;
				CLANG_WARN_EMPTY_BODY = YES;
				CLANG_WARN_ENUM_CONVERSION = YES;
				CLANG_WARN_INFINITE_RECURSION = YES;
				CLANG_WARN_INT_CONVERSION = YES;
				CLANG_WARN_NON_LITERAL_NULL_CONVERSION = YES;
				CLANG_WARN_OBJC_IMPLICIT_RETAIN_SELF = YES;
				CLANG_WARN_OBJC_LITERAL_CONVERSION = YES;
				CLANG_WARN_OBJC_ROOT_CLASS = YES_ERROR;
				CLANG_WARN_RANGE_LOOP_ANALYSIS = YES;
				CLANG_WARN_STRICT_PROTOTYPES = YES;
				CLANG_WARN_SUSPICIOUS_MOVE = YES;
				CLANG_WARN_UNGUARDED_AVAILABILITY = YES_AGGRESSIVE;
				CLANG_WARN_UNREACHABLE_CODE = YES;
				CLANG_WARN__DUPLICATE_METHOD_MATCH = YES;
				CODE_SIGN_IDENTITY = "iPhone Developer";
				COPY_PHASE_STRIP = NO;
				DEBUG_INFORMATION_FORMAT = dwarf;
				ENABLE_STRICT_OBJC_MSGSEND = YES;
				ENABLE_TESTABILITY = YES;
				GCC_C_LANGUAGE_STANDARD = gnu11;
				GCC_DYNAMIC_NO_PIC = NO;
				GCC_NO_COMMON_BLOCKS = YES;
				GCC_OPTIMIZATION_LEVEL = 0;
				GCC_PREPROCESSOR_DEFINITIONS = (
					"DEBUG=1",
					"$(inherited)",
				);
				GCC_WARN_64_TO_32_BIT_CONVERSION = YES;
				GCC_WARN_ABOUT_RETURN_TYPE = YES_ERROR;
				GCC_WARN_UNDECLARED_SELECTOR = YES;
				GCC_WARN_UNINITIALIZED_AUTOS = YES_AGGRESSIVE;
				GCC_WARN_UNUSED_FUNCTION = YES;
				GCC_WARN_UNUSED_VARIABLE = YES;
				IPHONEOS_DEPLOYMENT_TARGET = 12.4;
				MTL_ENABLE_DEBUG_INFO = INCLUDE_SOURCE;
				MTL_FAST_MATH = YES;
				ONLY_ACTIVE_ARCH = YES;
				SDKROOT = iphoneos;
				SWIFT_ACTIVE_COMPILATION_CONDITIONS = DEBUG;
				SWIFT_OPTIMIZATION_LEVEL = "-Onone";
			};
			name = Debug;
		};
		550CF33023975CDF00AAA8C4 /* Release */ = {
			isa = XCBuildConfiguration;
			buildSettings = {
				ALWAYS_SEARCH_USER_PATHS = NO;
				CLANG_ANALYZER_NONNULL = YES;
				CLANG_ANALYZER_NUMBER_OBJECT_CONVERSION = YES_AGGRESSIVE;
				CLANG_CXX_LANGUAGE_STANDARD = "gnu++14";
				CLANG_CXX_LIBRARY = "libc++";
				CLANG_ENABLE_MODULES = YES;
				CLANG_ENABLE_OBJC_ARC = YES;
				CLANG_ENABLE_OBJC_WEAK = YES;
				CLANG_WARN_BLOCK_CAPTURE_AUTORELEASING = YES;
				CLANG_WARN_BOOL_CONVERSION = YES;
				CLANG_WARN_COMMA = YES;
				CLANG_WARN_CONSTANT_CONVERSION = YES;
				CLANG_WARN_DEPRECATED_OBJC_IMPLEMENTATIONS = YES;
				CLANG_WARN_DIRECT_OBJC_ISA_USAGE = YES_ERROR;
				CLANG_WARN_DOCUMENTATION_COMMENTS = YES;
				CLANG_WARN_EMPTY_BODY = YES;
				CLANG_WARN_ENUM_CONVERSION = YES;
				CLANG_WARN_INFINITE_RECURSION = YES;
				CLANG_WARN_INT_CONVERSION = YES;
				CLANG_WARN_NON_LITERAL_NULL_CONVERSION = YES;
				CLANG_WARN_OBJC_IMPLICIT_RETAIN_SELF = YES;
				CLANG_WARN_OBJC_LITERAL_CONVERSION = YES;
				CLANG_WARN_OBJC_ROOT_CLASS = YES_ERROR;
				CLANG_WARN_RANGE_LOOP_ANALYSIS = YES;
				CLANG_WARN_STRICT_PROTOTYPES = YES;
				CLANG_WARN_SUSPICIOUS_MOVE = YES;
				CLANG_WARN_UNGUARDED_AVAILABILITY = YES_AGGRESSIVE;
				CLANG_WARN_UNREACHABLE_CODE = YES;
				CLANG_WARN__DUPLICATE_METHOD_MATCH = YES;
				CODE_SIGN_IDENTITY = "iPhone Developer";
				COPY_PHASE_STRIP = NO;
				DEBUG_INFORMATION_FORMAT = "dwarf-with-dsym";
				ENABLE_NS_ASSERTIONS = NO;
				ENABLE_STRICT_OBJC_MSGSEND = YES;
				GCC_C_LANGUAGE_STANDARD = gnu11;
				GCC_NO_COMMON_BLOCKS = YES;
				GCC_WARN_64_TO_32_BIT_CONVERSION = YES;
				GCC_WARN_ABOUT_RETURN_TYPE = YES_ERROR;
				GCC_WARN_UNDECLARED_SELECTOR = YES;
				GCC_WARN_UNINITIALIZED_AUTOS = YES_AGGRESSIVE;
				GCC_WARN_UNUSED_FUNCTION = YES;
				GCC_WARN_UNUSED_VARIABLE = YES;
				IPHONEOS_DEPLOYMENT_TARGET = 12.4;
				MTL_ENABLE_DEBUG_INFO = NO;
				MTL_FAST_MATH = YES;
				SDKROOT = iphoneos;
				SWIFT_COMPILATION_MODE = wholemodule;
				SWIFT_OPTIMIZATION_LEVEL = "-O";
				VALIDATE_PRODUCT = YES;
			};
			name = Release;
		};
		550CF33223975CDF00AAA8C4 /* Debug */ = {
			isa = XCBuildConfiguration;
			baseConfigurationReference = C56ACE1745BE173E8BB6696B /* Pods-ExampleRxSwift-MVVM.debug.xcconfig */;
			buildSettings = {
				ASSETCATALOG_COMPILER_APPICON_NAME = AppIcon;
				CODE_SIGN_STYLE = Automatic;
				INFOPLIST_FILE = "ExampleRxSwift-MVVM/Info.plist";
				LD_RUNPATH_SEARCH_PATHS = (
					"$(inherited)",
					"@executable_path/Frameworks",
				);
				PRODUCT_BUNDLE_IDENTIFIER = "DongNV.ExampleRxSwift-MVVM";
				PRODUCT_NAME = "$(TARGET_NAME)";
				SWIFT_VERSION = 5.0;
				TARGETED_DEVICE_FAMILY = "1,2";
			};
			name = Debug;
		};
		550CF33323975CDF00AAA8C4 /* Release */ = {
			isa = XCBuildConfiguration;
			baseConfigurationReference = 9A019BA777C9F33B55014BF0 /* Pods-ExampleRxSwift-MVVM.release.xcconfig */;
			buildSettings = {
				ASSETCATALOG_COMPILER_APPICON_NAME = AppIcon;
				CODE_SIGN_STYLE = Automatic;
				INFOPLIST_FILE = "ExampleRxSwift-MVVM/Info.plist";
				LD_RUNPATH_SEARCH_PATHS = (
					"$(inherited)",
					"@executable_path/Frameworks",
				);
				PRODUCT_BUNDLE_IDENTIFIER = "DongNV.ExampleRxSwift-MVVM";
				PRODUCT_NAME = "$(TARGET_NAME)";
				SWIFT_VERSION = 5.0;
				TARGETED_DEVICE_FAMILY = "1,2";
			};
			name = Release;
		};
/* End XCBuildConfiguration section */

/* Begin XCConfigurationList section */
		550CF31A23975CDB00AAA8C4 /* Build configuration list for PBXProject "ExampleRxSwift-MVVM" */ = {
			isa = XCConfigurationList;
			buildConfigurations = (
				550CF32F23975CDF00AAA8C4 /* Debug */,
				550CF33023975CDF00AAA8C4 /* Release */,
			);
			defaultConfigurationIsVisible = 0;
			defaultConfigurationName = Release;
		};
		550CF33123975CDF00AAA8C4 /* Build configuration list for PBXNativeTarget "ExampleRxSwift-MVVM" */ = {
			isa = XCConfigurationList;
			buildConfigurations = (
				550CF33223975CDF00AAA8C4 /* Debug */,
				550CF33323975CDF00AAA8C4 /* Release */,
			);
			defaultConfigurationIsVisible = 0;
			defaultConfigurationName = Release;
		};
/* End XCConfigurationList section */
	};
	rootObject = 550CF31723975CDB00AAA8C4 /* Project object */;
}
